
Microsoft Visual Studio Solution File, Format Version 12.00
# Visual Studio 14
VisualStudioVersion = 14.0.25420.1
MinimumVisualStudioVersion = 10.0.40219.1
Project("{2150E333-8FDC-42A3-9474-1A3956D46DE8}") = "_Libraries", "_Libraries", "{BCEEDB88-78D5-4067-BC34-27F8D7A1D65D}"
EndProject
Project("{2150E333-8FDC-42A3-9474-1A3956D46DE8}") = "Setup", "Setup", "{EDB3D56B-5052-44DA-A723-87035F300EE5}"
	ProjectSection(SolutionItems) = preProject
		FindDoubleDips\FindDoubleDipsSetup\Setup.iss = FindDoubleDips\FindDoubleDipsSetup\Setup.iss
	EndProjectSection
EndProject
Project("{FAE04EC0-301F-11D3-BF4B-00C04F79EFBC}") = "DVDProfilerHelper", "DVDProfilerXML\DVDProfilerHelper\DVDProfilerHelper\DVDProfilerHelper.csproj", "{461DACCA-8EBF-4C03-AD1A-C438E4EB3B36}"
EndProject
Project("{FAE04EC0-301F-11D3-BF4B-00C04F79EFBC}") = "DVDProfilerXML", "DVDProfilerXML\DVDProfilerXML\DVDProfilerXML.csproj", "{2E90CC6F-892E-45B3-8812-EE52FFA3B222}"
EndProject
Project("{FAE04EC0-301F-11D3-BF4B-00C04F79EFBC}") = "FindDoubleDips", "FindDoubleDips\FindDoubleDips\FindDoubleDips.csproj", "{21F1A62F-8C85-4A25-B34C-8B5CC7F9B2BA}"
EndProject
Global
	GlobalSection(SolutionConfigurationPlatforms) = preSolution
		Debug|x86 = Debug|x86
	EndGlobalSection
	GlobalSection(ProjectConfigurationPlatforms) = postSolution
		{461DACCA-8EBF-4C03-AD1A-C438E4EB3B36}.Debug|x86.ActiveCfg = Debug|x86
		{461DACCA-8EBF-4C03-AD1A-C438E4EB3B36}.Debug|x86.Build.0 = Debug|x86
		{2E90CC6F-892E-45B3-8812-EE52FFA3B222}.Debug|x86.ActiveCfg = Debug|x86
		{2E90CC6F-892E-45B3-8812-EE52FFA3B222}.Debug|x86.Build.0 = Debug|x86
		{21F1A62F-8C85-4A25-B34C-8B5CC7F9B2BA}.Debug|x86.ActiveCfg = Debug|x86
		{21F1A62F-8C85-4A25-B34C-8B5CC7F9B2BA}.Debug|x86.Build.0 = Debug|x86
	EndGlobalSection
	GlobalSection(SolutionProperties) = preSolution
		HideSolutionNode = FALSE
	EndGlobalSection
	GlobalSection(NestedProjects) = preSolution
		{461DACCA-8EBF-4C03-AD1A-C438E4EB3B36} = {BCEEDB88-78D5-4067-BC34-27F8D7A1D65D}
		{2E90CC6F-892E-45B3-8812-EE52FFA3B222} = {BCEEDB88-78D5-4067-BC34-27F8D7A1D65D}
	EndGlobalSection
EndGlobal
